<?xml version="1.0" encoding="utf-8"?>
<Project ToolsVersion="4.0" xmlns="http://schemas.microsoft.com/developer/msbuild/2003">
  <ItemGroup>
    <Filter Include="Source Files">
      <UniqueIdentifier>{4FC737F1-C7A5-4376-A066-2A32D752A2FF}</UniqueIdentifier>
      <Extensions>cpp;c;cc;cxx;c++;cppm;ixx;def;odl;idl;hpj;bat;asm;asmx</Extensions>
    </Filter>
    <Filter Include="Header Files">
      <UniqueIdentifier>{93995380-89BD-4b04-88EB-625FBE52EBFB}</UniqueIdentifier>
      <Extensions>h;hh;hpp;hxx;h++;hm;inl;inc;ipp;xsd</Extensions>
    </Filter>
    <Filter Include="Resource Files">
      <UniqueIdentifier>{67DA6AB6-F800-4c08-8B7A-83BB121AAD01}</UniqueIdentifier>
      <Extensions>rc;ico;cur;bmp;dlg;rc2;rct;bin;rgs;gif;jpg;jpeg;jpe;resx;tiff;tif;png;wav;mfcribbon-ms</Extensions>
    </Filter>
    <Filter Include="Source Files\Core">
      <UniqueIdentifier>{5f695769-4f6b-4469-8fcf-ed6e26545bab}</UniqueIdentifier>
    </Filter>
    <Filter Include="Header Files\Core">
      <UniqueIdentifier>{f4ad6c2d-d654-4b76-8632-24caf26fc412}</UniqueIdentifier>
    </Filter>
    <Filter Include="Header Files\Maths">
      <UniqueIdentifier>{69149f2e-b338-4209-9784-805350d778fe}</UniqueIdentifier>
    </Filter>
    <Filter Include="Header Files\Object">
      <UniqueIdentifier>{69053d63-1c82-42f1-aa3f-ed8266847d40}</UniqueIdentifier>
    </Filter>
    <Filter Include="Source Files\Object">
      <UniqueIdentifier>{180b6011-3668-4142-bb0e-eb3d5122de31}</UniqueIdentifier>
    </Filter>
    <Filter Include="Source Files\Graphics">
      <UniqueIdentifier>{b4b2eedb-072b-408f-8599-5a6ea2cf5863}</UniqueIdentifier>
    </Filter>
    <Filter Include="Source Files\Graphics\Buffers">
      <UniqueIdentifier>{4af2d882-97bc-42bb-9cf1-c14b56f087c2}</UniqueIdentifier>
    </Filter>
    <Filter Include="Header Files\Graphics">
      <UniqueIdentifier>{cb93e5e9-95b9-4714-a86e-3d20116d7422}</UniqueIdentifier>
    </Filter>
    <Filter Include="Header Files\Graphics\Buffers">
      <UniqueIdentifier>{4e589c54-b5c1-47b1-97cf-5bd2c602d856}</UniqueIdentifier>
    </Filter>
    <Filter Include="Resource Files\Shaders">
      <UniqueIdentifier>{055dc2d5-0fe5-448b-aef9-51a33e988db3}</UniqueIdentifier>
    </Filter>
    <Filter Include="Header Files\Utilities">
      <UniqueIdentifier>{577d8598-ba47-47ce-ad4e-80b1a639e91a}</UniqueIdentifier>
    </Filter>
    <Filter Include="Source Files\Screens">
      <UniqueIdentifier>{f740032a-7d17-44e3-8d31-e420412583ed}</UniqueIdentifier>
    </Filter>
    <Filter Include="Header Files\Screens">
      <UniqueIdentifier>{5f87f493-a441-472f-8ef6-1bf1792fec86}</UniqueIdentifier>
    </Filter>
    <Filter Include="Source Files\Maths">
      <UniqueIdentifier>{f3af41ac-45bc-44b4-912a-45f415574a54}</UniqueIdentifier>
    </Filter>
  </ItemGroup>
  <ItemGroup>
    <ClCompile Include="Sandbox\main.cpp">
      <Filter>Source Files</Filter>
    </ClCompile>
    <ClCompile Include="MachGL\Source\Core\Window.cpp">
      <Filter>Source Files\Core</Filter>
    </ClCompile>
    <ClCompile Include="MachGL\Source\Graphics\Buffer\Buffer.cpp">
      <Filter>Source Files\Graphics\Buffers</Filter>
    </ClCompile>
    <ClCompile Include="MachGL\Source\Graphics\Buffer\IndexBuffer.cpp">
      <Filter>Source Files\Graphics\Buffers</Filter>
    </ClCompile>
    <ClCompile Include="MachGL\Source\Graphics\Buffer\VertexArray.cpp">
      <Filter>Source Files\Graphics\Buffers</Filter>
    </ClCompile>
    <ClCompile Include="MachGL\Source\Graphics\Image.cpp">
      <Filter>Source Files\Graphics</Filter>
    </ClCompile>
    <ClCompile Include="MachGL\Source\Graphics\Plane.cpp">
      <Filter>Source Files\Graphics</Filter>
    </ClCompile>
    <ClCompile Include="MachGL\Source\Graphics\Renderer2D.cpp">
      <Filter>Source Files\Graphics</Filter>
    </ClCompile>
    <ClCompile Include="MachGL\Source\Graphics\Renderer3D.cpp">
      <Filter>Source Files\Graphics</Filter>
    </ClCompile>
    <ClCompile Include="MachGL\Source\Graphics\Shader.cpp">
      <Filter>Source Files\Graphics</Filter>
    </ClCompile>
    <ClCompile Include="MachGL\Source\Graphics\SimpleRect.cpp">
      <Filter>Source Files\Graphics</Filter>
    </ClCompile>
    <ClCompile Include="MachGL\Source\Object\Camera.cpp">
      <Filter>Source Files\Object</Filter>
    </ClCompile>
    <ClCompile Include="MachGL\Source\Object\Model.cpp">
      <Filter>Source Files\Object</Filter>
    </ClCompile>
    <ClCompile Include="MachGL\Source\Object\Object.cpp">
      <Filter>Source Files\Object</Filter>
    </ClCompile>
    <ClCompile Include="MachGL\Source\Object\Skybox.cpp">
      <Filter>Source Files\Object</Filter>
    </ClCompile>
    <ClCompile Include="MachGL\Source\Object\Terrain.cpp">
      <Filter>Source Files\Object</Filter>
    </ClCompile>
    <ClCompile Include="MachGL\Source\Screens\Splash.cpp">
      <Filter>Source Files\Screens</Filter>
    </ClCompile>
    <ClCompile Include="MachGL\Vendor\glad.c">
      <Filter>Source Files\Core</Filter>
    </ClCompile>
    <ClCompile Include="MachGL\Vendor\SimplexNoise.cpp">
      <Filter>Source Files\Core</Filter>
    </ClCompile>
  </ItemGroup>
  <ItemGroup>
    <ClInclude Include="MachGL\Headers\Core\CoreFunctions.h">
      <Filter>Header Files\Core</Filter>
    </ClInclude>
    <ClInclude Include="MachGL\Headers\Core\DataStructures.h">
      <Filter>Header Files\Core</Filter>
    </ClInclude>
    <ClInclude Include="MachGL\Headers\Core\Includes.h">
      <Filter>Header Files\Core</Filter>
    </ClInclude>
    <ClInclude Include="MachGL\Headers\Core\Window.h">
      <Filter>Header Files\Core</Filter>
    </ClInclude>
    <ClInclude Include="MachGL\Headers\Graphics\Buffer\Buffer.h">
      <Filter>Header Files\Graphics\Buffers</Filter>
    </ClInclude>
    <ClInclude Include="MachGL\Headers\Graphics\Buffer\IndexBuffer.h">
      <Filter>Header Files\Graphics\Buffers</Filter>
    </ClInclude>
    <ClInclude Include="MachGL\Headers\Graphics\Buffer\VertexArray.h">
      <Filter>Header Files\Graphics\Buffers</Filter>
    </ClInclude>
    <ClInclude Include="MachGL\Headers\Graphics\Image.h">
      <Filter>Header Files\Graphics</Filter>
    </ClInclude>
    <ClInclude Include="MachGL\Headers\Graphics\Plane.h">
      <Filter>Header Files\Graphics</Filter>
    </ClInclude>
    <ClInclude Include="MachGL\Headers\Graphics\Renderer2D.h">
      <Filter>Header Files\Graphics</Filter>
    </ClInclude>
    <ClInclude Include="MachGL\Headers\Graphics\Renderer3D.h">
      <Filter>Header Files\Graphics</Filter>
    </ClInclude>
    <ClInclude Include="MachGL\Headers\Graphics\Shader.h">
      <Filter>Header Files\Graphics</Filter>
    </ClInclude>
    <ClInclude Include="MachGL\Headers\Graphics\SimpleRect.h">
      <Filter>Header Files\Graphics</Filter>
    </ClInclude>
    <ClInclude Include="MachGL\Headers\Maths\Constants.h">
      <Filter>Header Files\Maths</Filter>
    </ClInclude>
    <ClInclude Include="MachGL\Headers\Maths\Maths.h">
      <Filter>Header Files\Maths</Filter>
    </ClInclude>
    <ClInclude Include="MachGL\Headers\Maths\Matrix.h">
      <Filter>Header Files\Maths</Filter>
    </ClInclude>
    <ClInclude Include="MachGL\Headers\Maths\Vector.h">
      <Filter>Header Files\Maths</Filter>
    </ClInclude>
    <ClInclude Include="MachGL\Headers\Object\Camera.h">
      <Filter>Header Files\Object</Filter>
    </ClInclude>
    <ClInclude Include="MachGL\Headers\Object\Light.h">
      <Filter>Header Files\Graphics</Filter>
    </ClInclude>
    <ClInclude Include="MachGL\Headers\Object\Model.h">
      <Filter>Header Files\Object</Filter>
    </ClInclude>
    <ClInclude Include="MachGL\Headers\Object\Object.h">
      <Filter>Header Files\Object</Filter>
    </ClInclude>
    <ClInclude Include="MachGL\Headers\Object\Skybox.h">
      <Filter>Header Files\Object</Filter>
    </ClInclude>
    <ClInclude Include="MachGL\Headers\Object\Terrain.h">
      <Filter>Header Files\Object</Filter>
    </ClInclude>
    <ClInclude Include="MachGL\Headers\Screens\Splash.h">
      <Filter>Header Files\Screens</Filter>
    </ClInclude>
    <ClInclude Include="MachGL\Headers\Utilities\FileUtilities.h">
      <Filter>Header Files\Utilities</Filter>
    </ClInclude>
    <ClInclude Include="MachGL\Headers\Utilities\Timer.h">
      <Filter>Header Files\Core</Filter>
    </ClInclude>
    <ClInclude Include="MachGL\Vendor\glad.h">
      <Filter>Header Files\Core</Filter>
    </ClInclude>
    <ClInclude Include="MachGL\Vendor\SimplexNoise.h">
      <Filter>Header Files\Core</Filter>
    </ClInclude>
    <ClInclude Include="MachGL\Vendor\stb_image.h">
      <Filter>Header Files\Core</Filter>
    </ClInclude>
    <ClInclude Include="MachGL\MachGL.h">
      <Filter>Header Files</Filter>
    </ClInclude>
  </ItemGroup>
  <ItemGroup>
    <None Include="Sandbox\Shaders\test.vert">
      <Filter>Resource Files\Shaders</Filter>
    </None>
    <None Include="Sandbox\Shaders\test.frag">
      <Filter>Resource Files\Shaders</Filter>
    </None>
    <None Include="MachGL\CoreAssets\CoreShaders\simpleRect.frag">
      <Filter>Resource Files\Shaders</Filter>
    </None>
    <None Include="MachGL\CoreAssets\CoreShaders\simpleRect.vert">
      <Filter>Resource Files\Shaders</Filter>
    </None>
    <None Include="MachGL\CoreAssets\CoreShaders\skybox.frag">
      <Filter>Resource Files\Shaders</Filter>
    </None>
    <None Include="MachGL\CoreAssets\CoreShaders\skybox.vert">
      <Filter>Resource Files\Shaders</Filter>
    </None>
  </ItemGroup>
</Project>